<?xml version="1.0" encoding="utf-8"?>
<Project ToolsVersion="4.0" xmlns="http://schemas.microsoft.com/developer/msbuild/2003">
  <ItemGroup>
    <Filter Include="Source Files">
      <UniqueIdentifier>{4FC737F1-C7A5-4376-A066-2A32D752A2FF}</UniqueIdentifier>
      <Extensions>cpp;c;cc;cxx;c++;cppm;ixx;def;odl;idl;hpj;bat;asm;asmx</Extensions>
    </Filter>
    <Filter Include="Header Files">
      <UniqueIdentifier>{93995380-89BD-4b04-88EB-625FBE52EBFB}</UniqueIdentifier>
      <Extensions>h;hh;hpp;hxx;h++;hm;inl;inc;ipp;xsd</Extensions>
    </Filter>
    <Filter Include="Resource Files">
      <UniqueIdentifier>{67DA6AB6-F800-4c08-8B7A-83BB121AAD01}</UniqueIdentifier>
      <Extensions>rc;ico;cur;bmp;dlg;rc2;rct;bin;rgs;gif;jpg;jpeg;jpe;resx;tiff;tif;png;wav;mfcribbon-ms</Extensions>
    </Filter>
    <Filter Include="Header Files\Item">
      <UniqueIdentifier>{cb76b924-a7d2-4f7f-8037-c572b195bc0d}</UniqueIdentifier>
    </Filter>
    <Filter Include="Source Files\Item">
      <UniqueIdentifier>{0a8d442e-bfa7-4dd6-85f7-1fde0b892591}</UniqueIdentifier>
    </Filter>
    <Filter Include="Source Files\TreasureHunter">
      <UniqueIdentifier>{eff8cd13-58c1-4742-877d-25dcee6fef52}</UniqueIdentifier>
    </Filter>
    <Filter Include="Header Files\TreasureHunter">
      <UniqueIdentifier>{e0819f56-a5b5-437c-8390-d66e5b9bbc6f}</UniqueIdentifier>
    </Filter>
  </ItemGroup>
  <ItemGroup>
    <ClCompile Include="Main.cpp">
      <Filter>Source Files</Filter>
    </ClCompile>
    <ClCompile Include="Player.cpp">
      <Filter>Source Files</Filter>
    </ClCompile>
    <ClCompile Include="Item.cpp">
      <Filter>Source Files</Filter>
    </ClCompile>
    <ClCompile Include="Location.cpp">
      <Filter>Source Files</Filter>
    </ClCompile>
    <ClCompile Include="Monster.cpp">
      <Filter>Source Files</Filter>
    </ClCompile>
    <ClCompile Include="Dragon.cpp">
      <Filter>Source Files</Filter>
    </ClCompile>
    <ClCompile Include="Helper.cpp">
      <Filter>Source Files</Filter>
    </ClCompile>
    <ClCompile Include="Item\Armour.cpp">
      <Filter>Source Files\Item</Filter>
    </ClCompile>
    <ClCompile Include="Item\Axe.cpp">
      <Filter>Source Files\Item</Filter>
    </ClCompile>
    <ClCompile Include="Item\Boots.cpp">
      <Filter>Source Files\Item</Filter>
    </ClCompile>
    <ClCompile Include="Item\Chainmail.cpp">
      <Filter>Source Files\Item</Filter>
    </ClCompile>
    <ClCompile Include="Item\Elixir.cpp">
      <Filter>Source Files\Item</Filter>
    </ClCompile>
    <ClCompile Include="Item\Gems.cpp">
      <Filter>Source Files\Item</Filter>
    </ClCompile>
    <ClCompile Include="Item\Gold.cpp">
      <Filter>Source Files\Item</Filter>
    </ClCompile>
    <ClCompile Include="Item\Lantern.cpp">
      <Filter>Source Files\Item</Filter>
    </ClCompile>
    <ClCompile Include="Item\Map.cpp">
      <Filter>Source Files\Item</Filter>
    </ClCompile>
    <ClCompile Include="Item\Potion.cpp">
      <Filter>Source Files\Item</Filter>
    </ClCompile>
    <ClCompile Include="Item\Provisions.cpp">
      <Filter>Source Files\Item</Filter>
    </ClCompile>
    <ClCompile Include="Item\Sword.cpp">
      <Filter>Source Files\Item</Filter>
    </ClCompile>
    <ClCompile Include="Item\Tome.cpp">
      <Filter>Source Files\Item</Filter>
    </ClCompile>
    <ClCompile Include="Item\Gloves.cpp">
      <Filter>Source Files\Item</Filter>
    </ClCompile>
    <ClCompile Include="Item\Necklace.cpp">
      <Filter>Source Files\Item</Filter>
    </ClCompile>
    <ClCompile Include="TreasureHunter.cpp">
      <Filter>Source Files</Filter>
    </ClCompile>
    <ClCompile Include="TreasureHunter\Gossiper.cpp">
      <Filter>Source Files\TreasureHunter</Filter>
    </ClCompile>
    <ClCompile Include="TreasureHunter\Merchant.cpp">
      <Filter>Source Files\TreasureHunter</Filter>
    </ClCompile>
    <ClCompile Include="TreasureHunter\Ninja.cpp">
      <Filter>Source Files\TreasureHunter</Filter>
    </ClCompile>
  </ItemGroup>
  <ItemGroup>
    <ClInclude Include="Enums.h">
      <Filter>Header Files</Filter>
    </ClInclude>
    <ClInclude Include="Main.h">
      <Filter>Header Files</Filter>
    </ClInclude>
    <ClInclude Include="Item.h">
      <Filter>Header Files</Filter>
    </ClInclude>
    <ClInclude Include="Location.h">
      <Filter>Header Files</Filter>
    </ClInclude>
    <ClInclude Include="Monster.h">
      <Filter>Header Files</Filter>
    </ClInclude>
    <ClInclude Include="Player.h">
      <Filter>Header Files</Filter>
    </ClInclude>
    <ClInclude Include="Helper.h">
      <Filter>Header Files</Filter>
    </ClInclude>
    <ClInclude Include="Item\Armour.h">
      <Filter>Header Files\Item</Filter>
    </ClInclude>
    <ClInclude Include="Item\Axe.h">
      <Filter>Header Files\Item</Filter>
    </ClInclude>
    <ClInclude Include="Item\Boots.h">
      <Filter>Header Files\Item</Filter>
    </ClInclude>
    <ClInclude Include="Item\Chainmail.h">
      <Filter>Header Files\Item</Filter>
    </ClInclude>
    <ClInclude Include="Item\Elixir.h">
      <Filter>Header Files\Item</Filter>
    </ClInclude>
    <ClInclude Include="Item\Gems.h">
      <Filter>Header Files\Item</Filter>
    </ClInclude>
    <ClInclude Include="Item\Gold.h">
      <Filter>Header Files\Item</Filter>
    </ClInclude>
    <ClInclude Include="Item\Lantern.h">
      <Filter>Header Files\Item</Filter>
    </ClInclude>
    <ClInclude Include="Item\Map.h">
      <Filter>Header Files\Item</Filter>
    </ClInclude>
    <ClInclude Include="Item\Potion.h">
      <Filter>Header Files\Item</Filter>
    </ClInclude>
    <ClInclude Include="Item\Provisions.h">
      <Filter>Header Files\Item</Filter>
    </ClInclude>
    <ClInclude Include="Item\Sword.h">
      <Filter>Header Files\Item</Filter>
    </ClInclude>
    <ClInclude Include="Item\Tome.h">
      <Filter>Header Files\Item</Filter>
    </ClInclude>
    <ClInclude Include="Dragon.h">
      <Filter>Header Files</Filter>
    </ClInclude>
    <ClInclude Include="Item\Gloves.h">
      <Filter>Header Files\Item</Filter>
    </ClInclude>
    <ClInclude Include="Item\Necklace.h">
      <Filter>Header Files\Item</Filter>
    </ClInclude>
    <ClInclude Include="TreasureHunter.h">
      <Filter>Header Files</Filter>
    </ClInclude>
    <ClInclude Include="TreasureHunter\Gossiper.h">
      <Filter>Header Files\TreasureHunter</Filter>
    </ClInclude>
    <ClInclude Include="TreasureHunter\Merchant.h">
      <Filter>Header Files\TreasureHunter</Filter>
    </ClInclude>
    <ClInclude Include="TreasureHunter\Ninja.h">
      <Filter>Header Files\TreasureHunter</Filter>
    </ClInclude>
  </ItemGroup>
</Project>